
Microsoft Visual Studio Solution File, Format Version 12.00
# Visual Studio Version 16
VisualStudioVersion = 16.0.31321.278
MinimumVisualStudioVersion = 10.0.40219.1
Project("{FAE04EC0-301F-11D3-BF4B-00C04F79EFBC}") = "OpenEMRApplication", "OpenEMRApplication\OpenEMRApplication.csproj", "{54020746-45B3-417E-8A1F-8BC461A398BA}"
EndProject
Global
	GlobalSection(SolutionConfigurationPlatforms) = preSolution
		Debug|Any CPU = Debug|Any CPU
		Release|Any CPU = Release|Any CPU
	EndGlobalSection
	GlobalSection(ProjectConfigurationPlatforms) = postSolution
		{54020746-45B3-417E-8A1F-8BC461A398BA}.Debug|Any CPU.ActiveCfg = Debug|Any CPU
		{54020746-45B3-417E-8A1F-8BC461A398BA}.Debug|Any CPU.Build.0 = Debug|Any CPU
		{54020746-45B3-417E-8A1F-8BC461A398BA}.Release|Any CPU.ActiveCfg = Release|Any CPU
		{54020746-45B3-417E-8A1F-8BC461A398BA}.Release|Any CPU.Build.0 = Release|Any CPU
	EndGlobalSection
	GlobalSection(SolutionProperties) = preSolution
		HideSolutionNode = FALSE
	EndGlobalSection
	GlobalSection(ExtensibilityGlobals) = postSolution
		SolutionGuid = {D3A66F63-B6F7-41F9-99D0-D3641C7E906D}
	EndGlobalSection
EndGlobal
